
Microsoft Visual Studio Solution File, Format Version 12.00
# Visual Studio Version 17
VisualStudioVersion = 17.0.31903.59
MinimumVisualStudioVersion = 10.0.40219.1
Project("{2150E333-8FDC-42A3-9474-1A3956D46DE8}") = "src", "src", "{F316A69A-0C54-4531-BA24-0B14F69A4628}"
EndProject
Project("{FAE04EC0-301F-11D3-BF4B-00C04F79EFBC}") = "Opas.Api", "src\Opas.Api\Opas.Api.csproj", "{4E62631A-40F3-430E-9DC7-9240E1090CB2}"
EndProject
Global
	GlobalSection(SolutionConfigurationPlatforms) = preSolution
		Debug|Any CPU = Debug|Any CPU
		Release|Any CPU = Release|Any CPU
	EndGlobalSection
	GlobalSection(SolutionProperties) = preSolution
		HideSolutionNode = FALSE
	EndGlobalSection
	GlobalSection(ProjectConfigurationPlatforms) = postSolution
		{4E62631A-40F3-430E-9DC7-9240E1090CB2}.Debug|Any CPU.ActiveCfg = Debug|Any CPU
		{4E62631A-40F3-430E-9DC7-9240E1090CB2}.Debug|Any CPU.Build.0 = Debug|Any CPU
		{4E62631A-40F3-430E-9DC7-9240E1090CB2}.Release|Any CPU.ActiveCfg = Release|Any CPU
		{4E62631A-40F3-430E-9DC7-9240E1090CB2}.Release|Any CPU.Build.0 = Release|Any CPU
	EndGlobalSection
	GlobalSection(NestedProjects) = preSolution
		{4E62631A-40F3-430E-9DC7-9240E1090CB2} = {F316A69A-0C54-4531-BA24-0B14F69A4628}
	EndGlobalSection
EndGlobal
